
Microsoft Visual Studio Solution File, Format Version 12.00
# Visual Studio Version 17
VisualStudioVersion = 17.5.33627.172
MinimumVisualStudioVersion = 10.0.40219.1
Project("{FAE04EC0-301F-11D3-BF4B-00C04F79EFBC}") = "OTUS_HW_LESSON_17", "OTUS_HW_LESSON_17\OTUS_HW_LESSON_17.csproj", "{DDA816D5-7491-4805-A02C-904260B62272}"
EndProject
Global
	GlobalSection(SolutionConfigurationPlatforms) = preSolution
		Debug|Any CPU = Debug|Any CPU
		Release|Any CPU = Release|Any CPU
	EndGlobalSection
	GlobalSection(ProjectConfigurationPlatforms) = postSolution
		{DDA816D5-7491-4805-A02C-904260B62272}.Debug|Any CPU.ActiveCfg = Debug|Any CPU
		{DDA816D5-7491-4805-A02C-904260B62272}.Debug|Any CPU.Build.0 = Debug|Any CPU
		{DDA816D5-7491-4805-A02C-904260B62272}.Release|Any CPU.ActiveCfg = Release|Any CPU
		{DDA816D5-7491-4805-A02C-904260B62272}.Release|Any CPU.Build.0 = Release|Any CPU
	EndGlobalSection
	GlobalSection(SolutionProperties) = preSolution
		HideSolutionNode = FALSE
	EndGlobalSection
	GlobalSection(ExtensibilityGlobals) = postSolution
		SolutionGuid = {709C83C8-0D4F-49A2-BB87-09685B9C7C2C}
	EndGlobalSection
EndGlobal
